// !$*UTF8*$!
{
	archiveVersion = 1;
	classes = {
	};
	objectVersion = 55;
	objects = {

/* Begin PBXBuildFile section */
		0742019E28636A1600B66495 /* OtherClass.swift in Sources */ = {isa = PBXBuildFile; fileRef = 0742019D28636A1600B66495 /* OtherClass.swift */; };
		07617C8C2858E19200EA3F8F /* Marianne-ExtraBoldItalic.otf in Resources */ = {isa = PBXBuildFile; fileRef = 07617C802858E19200EA3F8F /* Marianne-ExtraBoldItalic.otf */; };
		07617C8D2858E19200EA3F8F /* Marianne-ExtraBoldItalic.otf in Resources */ = {isa = PBXBuildFile; fileRef = 07617C802858E19200EA3F8F /* Marianne-ExtraBoldItalic.otf */; };
		07617C8E2858E19200EA3F8F /* Marianne-ExtraBoldItalic.otf in Resources */ = {isa = PBXBuildFile; fileRef = 07617C802858E19200EA3F8F /* Marianne-ExtraBoldItalic.otf */; };
		07617C8F2858E19200EA3F8F /* Marianne-Medium.otf in Resources */ = {isa = PBXBuildFile; fileRef = 07617C812858E19200EA3F8F /* Marianne-Medium.otf */; };
		07617C902858E19200EA3F8F /* Marianne-Medium.otf in Resources */ = {isa = PBXBuildFile; fileRef = 07617C812858E19200EA3F8F /* Marianne-Medium.otf */; };
		07617C912858E19200EA3F8F /* Marianne-Medium.otf in Resources */ = {isa = PBXBuildFile; fileRef = 07617C812858E19200EA3F8F /* Marianne-Medium.otf */; };
		07617C922858E19200EA3F8F /* Marianne-BoldItalic.otf in Resources */ = {isa = PBXBuildFile; fileRef = 07617C822858E19200EA3F8F /* Marianne-BoldItalic.otf */; };
		07617C932858E19200EA3F8F /* Marianne-BoldItalic.otf in Resources */ = {isa = PBXBuildFile; fileRef = 07617C822858E19200EA3F8F /* Marianne-BoldItalic.otf */; };
		07617C942858E19200EA3F8F /* Marianne-BoldItalic.otf in Resources */ = {isa = PBXBuildFile; fileRef = 07617C822858E19200EA3F8F /* Marianne-BoldItalic.otf */; };
		07617C952858E19300EA3F8F /* Marianne-Regular.otf in Resources */ = {isa = PBXBuildFile; fileRef = 07617C832858E19200EA3F8F /* Marianne-Regular.otf */; };
		07617C962858E19300EA3F8F /* Marianne-Regular.otf in Resources */ = {isa = PBXBuildFile; fileRef = 07617C832858E19200EA3F8F /* Marianne-Regular.otf */; };
		07617C972858E19300EA3F8F /* Marianne-Regular.otf in Resources */ = {isa = PBXBuildFile; fileRef = 07617C832858E19200EA3F8F /* Marianne-Regular.otf */; };
		07617C982858E19300EA3F8F /* Marianne-MediumItalic.otf in Resources */ = {isa = PBXBuildFile; fileRef = 07617C842858E19200EA3F8F /* Marianne-MediumItalic.otf */; };
		07617C992858E19300EA3F8F /* Marianne-MediumItalic.otf in Resources */ = {isa = PBXBuildFile; fileRef = 07617C842858E19200EA3F8F /* Marianne-MediumItalic.otf */; };
		07617C9A2858E19300EA3F8F /* Marianne-MediumItalic.otf in Resources */ = {isa = PBXBuildFile; fileRef = 07617C842858E19200EA3F8F /* Marianne-MediumItalic.otf */; };
		07617C9B2858E19300EA3F8F /* Marianne-Light.otf in Resources */ = {isa = PBXBuildFile; fileRef = 07617C852858E19200EA3F8F /* Marianne-Light.otf */; };
		07617C9C2858E19300EA3F8F /* Marianne-Light.otf in Resources */ = {isa = PBXBuildFile; fileRef = 07617C852858E19200EA3F8F /* Marianne-Light.otf */; };
		07617C9D2858E19300EA3F8F /* Marianne-Light.otf in Resources */ = {isa = PBXBuildFile; fileRef = 07617C852858E19200EA3F8F /* Marianne-Light.otf */; };
		07617C9E2858E19300EA3F8F /* Marianne-LightItalic.otf in Resources */ = {isa = PBXBuildFile; fileRef = 07617C862858E19200EA3F8F /* Marianne-LightItalic.otf */; };
		07617C9F2858E19300EA3F8F /* Marianne-LightItalic.otf in Resources */ = {isa = PBXBuildFile; fileRef = 07617C862858E19200EA3F8F /* Marianne-LightItalic.otf */; };
		07617CA02858E19300EA3F8F /* Marianne-LightItalic.otf in Resources */ = {isa = PBXBuildFile; fileRef = 07617C862858E19200EA3F8F /* Marianne-LightItalic.otf */; };
		07617CA12858E19300EA3F8F /* Marianne-ExtraBold.otf in Resources */ = {isa = PBXBuildFile; fileRef = 07617C872858E19200EA3F8F /* Marianne-ExtraBold.otf */; };
		07617CA22858E19300EA3F8F /* Marianne-ExtraBold.otf in Resources */ = {isa = PBXBuildFile; fileRef = 07617C872858E19200EA3F8F /* Marianne-ExtraBold.otf */; };
		07617CA32858E19300EA3F8F /* Marianne-ExtraBold.otf in Resources */ = {isa = PBXBuildFile; fileRef = 07617C872858E19200EA3F8F /* Marianne-ExtraBold.otf */; };
		07617CA42858E19300EA3F8F /* Marianne-RegularItalic.otf in Resources */ = {isa = PBXBuildFile; fileRef = 07617C882858E19200EA3F8F /* Marianne-RegularItalic.otf */; };
		07617CA52858E19300EA3F8F /* Marianne-RegularItalic.otf in Resources */ = {isa = PBXBuildFile; fileRef = 07617C882858E19200EA3F8F /* Marianne-RegularItalic.otf */; };
		07617CA62858E19300EA3F8F /* Marianne-RegularItalic.otf in Resources */ = {isa = PBXBuildFile; fileRef = 07617C882858E19200EA3F8F /* Marianne-RegularItalic.otf */; };
		07617CA72858E19300EA3F8F /* Marianne-Thin.otf in Resources */ = {isa = PBXBuildFile; fileRef = 07617C892858E19200EA3F8F /* Marianne-Thin.otf */; };
		07617CA82858E19300EA3F8F /* Marianne-Thin.otf in Resources */ = {isa = PBXBuildFile; fileRef = 07617C892858E19200EA3F8F /* Marianne-Thin.otf */; };
		07617CA92858E19300EA3F8F /* Marianne-Thin.otf in Resources */ = {isa = PBXBuildFile; fileRef = 07617C892858E19200EA3F8F /* Marianne-Thin.otf */; };
		07617CAA2858E19300EA3F8F /* Marianne-ThinItalic.otf in Resources */ = {isa = PBXBuildFile; fileRef = 07617C8A2858E19200EA3F8F /* Marianne-ThinItalic.otf */; };
		07617CAB2858E19300EA3F8F /* Marianne-ThinItalic.otf in Resources */ = {isa = PBXBuildFile; fileRef = 07617C8A2858E19200EA3F8F /* Marianne-ThinItalic.otf */; };
		07617CAC2858E19300EA3F8F /* Marianne-ThinItalic.otf in Resources */ = {isa = PBXBuildFile; fileRef = 07617C8A2858E19200EA3F8F /* Marianne-ThinItalic.otf */; };
		07617CAD2858E19300EA3F8F /* Marianne-Bold.otf in Resources */ = {isa = PBXBuildFile; fileRef = 07617C8B2858E19200EA3F8F /* Marianne-Bold.otf */; };
		07617CAE2858E19300EA3F8F /* Marianne-Bold.otf in Resources */ = {isa = PBXBuildFile; fileRef = 07617C8B2858E19200EA3F8F /* Marianne-Bold.otf */; };
		07617CAF2858E19300EA3F8F /* Marianne-Bold.otf in Resources */ = {isa = PBXBuildFile; fileRef = 07617C8B2858E19200EA3F8F /* Marianne-Bold.otf */; };
		07B19D86286079C700E4C291 /* Department.swift in Sources */ = {isa = PBXBuildFile; fileRef = 07B19D85286079C700E4C291 /* Department.swift */; };
		07B19D8928607AD800E4C291 /* ApiService.swift in Sources */ = {isa = PBXBuildFile; fileRef = 07B19D8828607AD800E4C291 /* ApiService.swift */; };
		07EC61D828587D16007235BD /* OnlyVoteApp.swift in Sources */ = {isa = PBXBuildFile; fileRef = 07EC61D728587D16007235BD /* OnlyVoteApp.swift */; };
		07EC61DA28587D16007235BD /* ContentView.swift in Sources */ = {isa = PBXBuildFile; fileRef = 07EC61D928587D16007235BD /* ContentView.swift */; };
		07EC61DC28587D18007235BD /* Assets.xcassets in Resources */ = {isa = PBXBuildFile; fileRef = 07EC61DB28587D18007235BD /* Assets.xcassets */; };
		07EC61DF28587D18007235BD /* Preview Assets.xcassets in Resources */ = {isa = PBXBuildFile; fileRef = 07EC61DE28587D18007235BD /* Preview Assets.xcassets */; };
		07EC61E928587D18007235BD /* OnlyVoteTests.swift in Sources */ = {isa = PBXBuildFile; fileRef = 07EC61E828587D18007235BD /* OnlyVoteTests.swift */; };
		07EC61F328587D18007235BD /* OnlyVoteUITests.swift in Sources */ = {isa = PBXBuildFile; fileRef = 07EC61F228587D18007235BD /* OnlyVoteUITests.swift */; };
		07EC61F528587D18007235BD /* OnlyVoteUITestsLaunchTests.swift in Sources */ = {isa = PBXBuildFile; fileRef = 07EC61F428587D18007235BD /* OnlyVoteUITestsLaunchTests.swift */; };
		07EC620528587DC4007235BD /* VotePage.swift in Sources */ = {isa = PBXBuildFile; fileRef = 07EC620428587DC4007235BD /* VotePage.swift */; };
		07EC620728587DF3007235BD /* HomePage.swift in Sources */ = {isa = PBXBuildFile; fileRef = 07EC620628587DF3007235BD /* HomePage.swift */; };
		07EC620928587DFE007235BD /* AccountPage.swift in Sources */ = {isa = PBXBuildFile; fileRef = 07EC620828587DFE007235BD /* AccountPage.swift */; };
		07EC620B28587F10007235BD /* VerificationForm.swift in Sources */ = {isa = PBXBuildFile; fileRef = 07EC620A28587F10007235BD /* VerificationForm.swift */; };
		07EC620D28587F1F007235BD /* VoteForm.swift in Sources */ = {isa = PBXBuildFile; fileRef = 07EC620C28587F1F007235BD /* VoteForm.swift */; };
		07EC621628587F85007235BD /* Candidate.swift in Sources */ = {isa = PBXBuildFile; fileRef = 07EC621528587F85007235BD /* Candidate.swift */; };
		07EC621828588013007235BD /* CandidateCard.swift in Sources */ = {isa = PBXBuildFile; fileRef = 07EC621728588013007235BD /* CandidateCard.swift */; };
		07EC621A28588029007235BD /* CandidateCardDetails.swift in Sources */ = {isa = PBXBuildFile; fileRef = 07EC621928588029007235BD /* CandidateCardDetails.swift */; };
/* End PBXBuildFile section */

/* Begin PBXContainerItemProxy section */
		07EC61E528587D18007235BD /* PBXContainerItemProxy */ = {
			isa = PBXContainerItemProxy;
			containerPortal = 07EC61CC28587D16007235BD /* Project object */;
			proxyType = 1;
			remoteGlobalIDString = 07EC61D328587D16007235BD;
			remoteInfo = OnlyVote;
		};
		07EC61EF28587D18007235BD /* PBXContainerItemProxy */ = {
			isa = PBXContainerItemProxy;
			containerPortal = 07EC61CC28587D16007235BD /* Project object */;
			proxyType = 1;
			remoteGlobalIDString = 07EC61D328587D16007235BD;
			remoteInfo = OnlyVote;
		};
/* End PBXContainerItemProxy section */

/* Begin PBXFileReference section */
		0742019D28636A1600B66495 /* OtherClass.swift */ = {isa = PBXFileReference; lastKnownFileType = sourcecode.swift; path = OtherClass.swift; sourceTree = "<group>"; };
		07617C802858E19200EA3F8F /* Marianne-ExtraBoldItalic.otf */ = {isa = PBXFileReference; lastKnownFileType = file; path = "Marianne-ExtraBoldItalic.otf"; sourceTree = "<group>"; };
		07617C812858E19200EA3F8F /* Marianne-Medium.otf */ = {isa = PBXFileReference; lastKnownFileType = file; path = "Marianne-Medium.otf"; sourceTree = "<group>"; };
		07617C822858E19200EA3F8F /* Marianne-BoldItalic.otf */ = {isa = PBXFileReference; lastKnownFileType = file; path = "Marianne-BoldItalic.otf"; sourceTree = "<group>"; };
		07617C832858E19200EA3F8F /* Marianne-Regular.otf */ = {isa = PBXFileReference; lastKnownFileType = file; path = "Marianne-Regular.otf"; sourceTree = "<group>"; };
		07617C842858E19200EA3F8F /* Marianne-MediumItalic.otf */ = {isa = PBXFileReference; lastKnownFileType = file; path = "Marianne-MediumItalic.otf"; sourceTree = "<group>"; };
		07617C852858E19200EA3F8F /* Marianne-Light.otf */ = {isa = PBXFileReference; lastKnownFileType = file; path = "Marianne-Light.otf"; sourceTree = "<group>"; };
		07617C862858E19200EA3F8F /* Marianne-LightItalic.otf */ = {isa = PBXFileReference; lastKnownFileType = file; path = "Marianne-LightItalic.otf"; sourceTree = "<group>"; };
		07617C872858E19200EA3F8F /* Marianne-ExtraBold.otf */ = {isa = PBXFileReference; lastKnownFileType = file; path = "Marianne-ExtraBold.otf"; sourceTree = "<group>"; };
		07617C882858E19200EA3F8F /* Marianne-RegularItalic.otf */ = {isa = PBXFileReference; lastKnownFileType = file; path = "Marianne-RegularItalic.otf"; sourceTree = "<group>"; };
		07617C892858E19200EA3F8F /* Marianne-Thin.otf */ = {isa = PBXFileReference; lastKnownFileType = file; path = "Marianne-Thin.otf"; sourceTree = "<group>"; };
		07617C8A2858E19200EA3F8F /* Marianne-ThinItalic.otf */ = {isa = PBXFileReference; lastKnownFileType = file; path = "Marianne-ThinItalic.otf"; sourceTree = "<group>"; };
		07617C8B2858E19200EA3F8F /* Marianne-Bold.otf */ = {isa = PBXFileReference; lastKnownFileType = file; path = "Marianne-Bold.otf"; sourceTree = "<group>"; };
		07617CB02858E31B00EA3F8F /* Info.plist */ = {isa = PBXFileReference; lastKnownFileType = text.plist; path = Info.plist; sourceTree = "<group>"; };
		07B19D85286079C700E4C291 /* Department.swift */ = {isa = PBXFileReference; lastKnownFileType = sourcecode.swift; path = Department.swift; sourceTree = "<group>"; };
		07B19D8828607AD800E4C291 /* ApiService.swift */ = {isa = PBXFileReference; lastKnownFileType = sourcecode.swift; path = ApiService.swift; sourceTree = "<group>"; };
		07EC61D428587D16007235BD /* OnlyVote.app */ = {isa = PBXFileReference; explicitFileType = wrapper.application; includeInIndex = 0; path = OnlyVote.app; sourceTree = BUILT_PRODUCTS_DIR; };
		07EC61D728587D16007235BD /* OnlyVoteApp.swift */ = {isa = PBXFileReference; lastKnownFileType = sourcecode.swift; path = OnlyVoteApp.swift; sourceTree = "<group>"; };
		07EC61D928587D16007235BD /* ContentView.swift */ = {isa = PBXFileReference; lastKnownFileType = sourcecode.swift; path = ContentView.swift; sourceTree = "<group>"; };
		07EC61DB28587D18007235BD /* Assets.xcassets */ = {isa = PBXFileReference; lastKnownFileType = folder.assetcatalog; path = Assets.xcassets; sourceTree = "<group>"; };
		07EC61DE28587D18007235BD /* Preview Assets.xcassets */ = {isa = PBXFileReference; lastKnownFileType = folder.assetcatalog; path = "Preview Assets.xcassets"; sourceTree = "<group>"; };
		07EC61E428587D18007235BD /* OnlyVoteTests.xctest */ = {isa = PBXFileReference; explicitFileType = wrapper.cfbundle; includeInIndex = 0; path = OnlyVoteTests.xctest; sourceTree = BUILT_PRODUCTS_DIR; };
		07EC61E828587D18007235BD /* OnlyVoteTests.swift */ = {isa = PBXFileReference; lastKnownFileType = sourcecode.swift; path = OnlyVoteTests.swift; sourceTree = "<group>"; };
		07EC61EE28587D18007235BD /* OnlyVoteUITests.xctest */ = {isa = PBXFileReference; explicitFileType = wrapper.cfbundle; includeInIndex = 0; path = OnlyVoteUITests.xctest; sourceTree = BUILT_PRODUCTS_DIR; };
		07EC61F228587D18007235BD /* OnlyVoteUITests.swift */ = {isa = PBXFileReference; lastKnownFileType = sourcecode.swift; path = OnlyVoteUITests.swift; sourceTree = "<group>"; };
		07EC61F428587D18007235BD /* OnlyVoteUITestsLaunchTests.swift */ = {isa = PBXFileReference; lastKnownFileType = sourcecode.swift; path = OnlyVoteUITestsLaunchTests.swift; sourceTree = "<group>"; };
		07EC620428587DC4007235BD /* VotePage.swift */ = {isa = PBXFileReference; lastKnownFileType = sourcecode.swift; path = VotePage.swift; sourceTree = "<group>"; };
		07EC620628587DF3007235BD /* HomePage.swift */ = {isa = PBXFileReference; lastKnownFileType = sourcecode.swift; path = HomePage.swift; sourceTree = "<group>"; };
		07EC620828587DFE007235BD /* AccountPage.swift */ = {isa = PBXFileReference; lastKnownFileType = sourcecode.swift; path = AccountPage.swift; sourceTree = "<group>"; };
		07EC620A28587F10007235BD /* VerificationForm.swift */ = {isa = PBXFileReference; lastKnownFileType = sourcecode.swift; path = VerificationForm.swift; sourceTree = "<group>"; };
		07EC620C28587F1F007235BD /* VoteForm.swift */ = {isa = PBXFileReference; lastKnownFileType = sourcecode.swift; path = VoteForm.swift; sourceTree = "<group>"; };
		07EC621528587F85007235BD /* Candidate.swift */ = {isa = PBXFileReference; lastKnownFileType = sourcecode.swift; path = Candidate.swift; sourceTree = "<group>"; };
		07EC621728588013007235BD /* CandidateCard.swift */ = {isa = PBXFileReference; lastKnownFileType = sourcecode.swift; path = CandidateCard.swift; sourceTree = "<group>"; };
		07EC621928588029007235BD /* CandidateCardDetails.swift */ = {isa = PBXFileReference; lastKnownFileType = sourcecode.swift; path = CandidateCardDetails.swift; sourceTree = "<group>"; };
/* End PBXFileReference section */

/* Begin PBXFrameworksBuildPhase section */
		07EC61D128587D16007235BD /* Frameworks */ = {
			isa = PBXFrameworksBuildPhase;
			buildActionMask = 2147483647;
			files = (
			);
			runOnlyForDeploymentPostprocessing = 0;
		};
		07EC61E128587D18007235BD /* Frameworks */ = {
			isa = PBXFrameworksBuildPhase;
			buildActionMask = 2147483647;
			files = (
			);
			runOnlyForDeploymentPostprocessing = 0;
		};
		07EC61EB28587D18007235BD /* Frameworks */ = {
			isa = PBXFrameworksBuildPhase;
			buildActionMask = 2147483647;
			files = (
			);
			runOnlyForDeploymentPostprocessing = 0;
		};
/* End PBXFrameworksBuildPhase section */

/* Begin PBXGroup section */
		07617C7F2858E11900EA3F8F /* ProjectFonts */ = {
			isa = PBXGroup;
			children = (
				07617C8B2858E19200EA3F8F /* Marianne-Bold.otf */,
				07617C822858E19200EA3F8F /* Marianne-BoldItalic.otf */,
				07617C872858E19200EA3F8F /* Marianne-ExtraBold.otf */,
				07617C802858E19200EA3F8F /* Marianne-ExtraBoldItalic.otf */,
				07617C852858E19200EA3F8F /* Marianne-Light.otf */,
				07617C862858E19200EA3F8F /* Marianne-LightItalic.otf */,
				07617C812858E19200EA3F8F /* Marianne-Medium.otf */,
				07617C842858E19200EA3F8F /* Marianne-MediumItalic.otf */,
				07617C832858E19200EA3F8F /* Marianne-Regular.otf */,
				07617C882858E19200EA3F8F /* Marianne-RegularItalic.otf */,
				07617C892858E19200EA3F8F /* Marianne-Thin.otf */,
				07617C8A2858E19200EA3F8F /* Marianne-ThinItalic.otf */,
			);
			path = ProjectFonts;
			sourceTree = "<group>";
		};
		07B19D8728607ACC00E4C291 /* Network */ = {
			isa = PBXGroup;
			children = (
				07B19D8828607AD800E4C291 /* ApiService.swift */,
			);
			path = Network;
			sourceTree = "<group>";
		};
		07EC61CB28587D16007235BD = {
			isa = PBXGroup;
			children = (
				07EC61D628587D16007235BD /* OnlyVote */,
				07EC61E728587D18007235BD /* OnlyVoteTests */,
				07EC61F128587D18007235BD /* OnlyVoteUITests */,
				07EC61D528587D16007235BD /* Products */,
			);
			sourceTree = "<group>";
		};
		07EC61D528587D16007235BD /* Products */ = {
			isa = PBXGroup;
			children = (
				07EC61D428587D16007235BD /* OnlyVote.app */,
				07EC61E428587D18007235BD /* OnlyVoteTests.xctest */,
				07EC61EE28587D18007235BD /* OnlyVoteUITests.xctest */,
			);
			name = Products;
			sourceTree = "<group>";
		};
		07EC61D628587D16007235BD /* OnlyVote */ = {
			isa = PBXGroup;
			children = (
				07B19D8728607ACC00E4C291 /* Network */,
				07617CB02858E31B00EA3F8F /* Info.plist */,
				07617C7F2858E11900EA3F8F /* ProjectFonts */,
				07EC621028587F46007235BD /* Data */,
				07EC620328587DAE007235BD /* AccountPage */,
				07EC620228587DA6007235BD /* HomePage */,
				07EC620128587D86007235BD /* VotePage */,
				07EC61D728587D16007235BD /* OnlyVoteApp.swift */,
				07EC61D928587D16007235BD /* ContentView.swift */,
				07EC61DB28587D18007235BD /* Assets.xcassets */,
				07EC61DD28587D18007235BD /* Preview Content */,
			);
			path = OnlyVote;
			sourceTree = "<group>";
		};
		07EC61DD28587D18007235BD /* Preview Content */ = {
			isa = PBXGroup;
			children = (
				07EC61DE28587D18007235BD /* Preview Assets.xcassets */,
			);
			path = "Preview Content";
			sourceTree = "<group>";
		};
		07EC61E728587D18007235BD /* OnlyVoteTests */ = {
			isa = PBXGroup;
			children = (
				07EC61E828587D18007235BD /* OnlyVoteTests.swift */,
			);
			path = OnlyVoteTests;
			sourceTree = "<group>";
		};
		07EC61F128587D18007235BD /* OnlyVoteUITests */ = {
			isa = PBXGroup;
			children = (
				07EC61F228587D18007235BD /* OnlyVoteUITests.swift */,
				07EC61F428587D18007235BD /* OnlyVoteUITestsLaunchTests.swift */,
			);
			path = OnlyVoteUITests;
			sourceTree = "<group>";
		};
		07EC620128587D86007235BD /* VotePage */ = {
			isa = PBXGroup;
			children = (
				07EC620428587DC4007235BD /* VotePage.swift */,
				07EC620A28587F10007235BD /* VerificationForm.swift */,
				07EC620C28587F1F007235BD /* VoteForm.swift */,
			);
			path = VotePage;
			sourceTree = "<group>";
		};
		07EC620228587DA6007235BD /* HomePage */ = {
			isa = PBXGroup;
			children = (
				07EC620628587DF3007235BD /* HomePage.swift */,
				07EC621728588013007235BD /* CandidateCard.swift */,
				07EC621928588029007235BD /* CandidateCardDetails.swift */,
			);
			path = HomePage;
			sourceTree = "<group>";
		};
		07EC620328587DAE007235BD /* AccountPage */ = {
			isa = PBXGroup;
			children = (
				07EC620828587DFE007235BD /* AccountPage.swift */,
			);
			path = AccountPage;
			sourceTree = "<group>";
		};
		07EC621028587F46007235BD /* Data */ = {
			isa = PBXGroup;
			children = (
				07EC621528587F85007235BD /* Candidate.swift */,
				07B19D85286079C700E4C291 /* Department.swift */,
				0742019D28636A1600B66495 /* OtherClass.swift */,
			);
			path = Data;
			sourceTree = "<group>";
		};
/* End PBXGroup section */

/* Begin PBXNativeTarget section */
		07EC61D328587D16007235BD /* OnlyVote */ = {
			isa = PBXNativeTarget;
			buildConfigurationList = 07EC61F828587D18007235BD /* Build configuration list for PBXNativeTarget "OnlyVote" */;
			buildPhases = (
				07EC61D028587D16007235BD /* Sources */,
				07EC61D128587D16007235BD /* Frameworks */,
				07EC61D228587D16007235BD /* Resources */,
			);
			buildRules = (
			);
			dependencies = (
			);
			name = OnlyVote;
			productName = OnlyVote;
			productReference = 07EC61D428587D16007235BD /* OnlyVote.app */;
			productType = "com.apple.product-type.application";
		};
		07EC61E328587D18007235BD /* OnlyVoteTests */ = {
			isa = PBXNativeTarget;
			buildConfigurationList = 07EC61FB28587D18007235BD /* Build configuration list for PBXNativeTarget "OnlyVoteTests" */;
			buildPhases = (
				07EC61E028587D18007235BD /* Sources */,
				07EC61E128587D18007235BD /* Frameworks */,
				07EC61E228587D18007235BD /* Resources */,
			);
			buildRules = (
			);
			dependencies = (
				07EC61E628587D18007235BD /* PBXTargetDependency */,
			);
			name = OnlyVoteTests;
			productName = OnlyVoteTests;
			productReference = 07EC61E428587D18007235BD /* OnlyVoteTests.xctest */;
			productType = "com.apple.product-type.bundle.unit-test";
		};
		07EC61ED28587D18007235BD /* OnlyVoteUITests */ = {
			isa = PBXNativeTarget;
			buildConfigurationList = 07EC61FE28587D18007235BD /* Build configuration list for PBXNativeTarget "OnlyVoteUITests" */;
			buildPhases = (
				07EC61EA28587D18007235BD /* Sources */,
				07EC61EB28587D18007235BD /* Frameworks */,
				07EC61EC28587D18007235BD /* Resources */,
			);
			buildRules = (
			);
			dependencies = (
				07EC61F028587D18007235BD /* PBXTargetDependency */,
			);
			name = OnlyVoteUITests;
			productName = OnlyVoteUITests;
			productReference = 07EC61EE28587D18007235BD /* OnlyVoteUITests.xctest */;
			productType = "com.apple.product-type.bundle.ui-testing";
		};
/* End PBXNativeTarget section */

/* Begin PBXProject section */
		07EC61CC28587D16007235BD /* Project object */ = {
			isa = PBXProject;
			attributes = {
				BuildIndependentTargetsInParallel = 1;
				LastSwiftUpdateCheck = 1340;
				LastUpgradeCheck = 1340;
				TargetAttributes = {
					07EC61D328587D16007235BD = {
						CreatedOnToolsVersion = 13.4;
					};
					07EC61E328587D18007235BD = {
						CreatedOnToolsVersion = 13.4;
						TestTargetID = 07EC61D328587D16007235BD;
					};
					07EC61ED28587D18007235BD = {
						CreatedOnToolsVersion = 13.4;
						TestTargetID = 07EC61D328587D16007235BD;
					};
				};
			};
			buildConfigurationList = 07EC61CF28587D16007235BD /* Build configuration list for PBXProject "OnlyVote" */;
			compatibilityVersion = "Xcode 13.0";
			developmentRegion = en;
			hasScannedForEncodings = 0;
			knownRegions = (
				en,
				Base,
			);
			mainGroup = 07EC61CB28587D16007235BD;
			productRefGroup = 07EC61D528587D16007235BD /* Products */;
			projectDirPath = "";
			projectRoot = "";
			targets = (
				07EC61D328587D16007235BD /* OnlyVote */,
				07EC61E328587D18007235BD /* OnlyVoteTests */,
				07EC61ED28587D18007235BD /* OnlyVoteUITests */,
			);
		};
/* End PBXProject section */

/* Begin PBXResourcesBuildPhase section */
		07EC61D228587D16007235BD /* Resources */ = {
			isa = PBXResourcesBuildPhase;
			buildActionMask = 2147483647;
			files = (
				07EC61DF28587D18007235BD /* Preview Assets.xcassets in Resources */,
				07617CAD2858E19300EA3F8F /* Marianne-Bold.otf in Resources */,
				07617C9B2858E19300EA3F8F /* Marianne-Light.otf in Resources */,
				07617C8C2858E19200EA3F8F /* Marianne-ExtraBoldItalic.otf in Resources */,
				07617CA42858E19300EA3F8F /* Marianne-RegularItalic.otf in Resources */,
				07617C922858E19200EA3F8F /* Marianne-BoldItalic.otf in Resources */,
				07EC61DC28587D18007235BD /* Assets.xcassets in Resources */,
				07617C8F2858E19200EA3F8F /* Marianne-Medium.otf in Resources */,
				07617CA72858E19300EA3F8F /* Marianne-Thin.otf in Resources */,
				07617CA12858E19300EA3F8F /* Marianne-ExtraBold.otf in Resources */,
				07617C9E2858E19300EA3F8F /* Marianne-LightItalic.otf in Resources */,
				07617CAA2858E19300EA3F8F /* Marianne-ThinItalic.otf in Resources */,
				07617C982858E19300EA3F8F /* Marianne-MediumItalic.otf in Resources */,
				07617C952858E19300EA3F8F /* Marianne-Regular.otf in Resources */,
			);
			runOnlyForDeploymentPostprocessing = 0;
		};
		07EC61E228587D18007235BD /* Resources */ = {
			isa = PBXResourcesBuildPhase;
			buildActionMask = 2147483647;
			files = (
				07617C992858E19300EA3F8F /* Marianne-MediumItalic.otf in Resources */,
				07617CAE2858E19300EA3F8F /* Marianne-Bold.otf in Resources */,
				07617C8D2858E19200EA3F8F /* Marianne-ExtraBoldItalic.otf in Resources */,
				07617CA22858E19300EA3F8F /* Marianne-ExtraBold.otf in Resources */,
				07617CAB2858E19300EA3F8F /* Marianne-ThinItalic.otf in Resources */,
				07617C962858E19300EA3F8F /* Marianne-Regular.otf in Resources */,
				07617C932858E19200EA3F8F /* Marianne-BoldItalic.otf in Resources */,
				07617C9F2858E19300EA3F8F /* Marianne-LightItalic.otf in Resources */,
				07617C902858E19200EA3F8F /* Marianne-Medium.otf in Resources */,
				07617CA52858E19300EA3F8F /* Marianne-RegularItalic.otf in Resources */,
				07617C9C2858E19300EA3F8F /* Marianne-Light.otf in Resources */,
				07617CA82858E19300EA3F8F /* Marianne-Thin.otf in Resources */,
			);
			runOnlyForDeploymentPostprocessing = 0;
		};
		07EC61EC28587D18007235BD /* Resources */ = {
			isa = PBXResourcesBuildPhase;
			buildActionMask = 2147483647;
			files = (
				07617C9A2858E19300EA3F8F /* Marianne-MediumItalic.otf in Resources */,
				07617CAF2858E19300EA3F8F /* Marianne-Bold.otf in Resources */,
				07617C8E2858E19200EA3F8F /* Marianne-ExtraBoldItalic.otf in Resources */,
				07617CA32858E19300EA3F8F /* Marianne-ExtraBold.otf in Resources */,
				07617CAC2858E19300EA3F8F /* Marianne-ThinItalic.otf in Resources */,
				07617C972858E19300EA3F8F /* Marianne-Regular.otf in Resources */,
				07617C942858E19200EA3F8F /* Marianne-BoldItalic.otf in Resources */,
				07617CA02858E19300EA3F8F /* Marianne-LightItalic.otf in Resources */,
				07617C912858E19200EA3F8F /* Marianne-Medium.otf in Resources */,
				07617CA62858E19300EA3F8F /* Marianne-RegularItalic.otf in Resources */,
				07617C9D2858E19300EA3F8F /* Marianne-Light.otf in Resources */,
				07617CA92858E19300EA3F8F /* Marianne-Thin.otf in Resources */,
			);
			runOnlyForDeploymentPostprocessing = 0;
		};
/* End PBXResourcesBuildPhase section */

/* Begin PBXSourcesBuildPhase section */
		07EC61D028587D16007235BD /* Sources */ = {
			isa = PBXSourcesBuildPhase;
			buildActionMask = 2147483647;
			files = (
				07EC620B28587F10007235BD /* VerificationForm.swift in Sources */,
				07EC621828588013007235BD /* CandidateCard.swift in Sources */,
				07B19D8928607AD800E4C291 /* ApiService.swift in Sources */,
				07EC620528587DC4007235BD /* VotePage.swift in Sources */,
				0742019E28636A1600B66495 /* OtherClass.swift in Sources */,
				07EC61DA28587D16007235BD /* ContentView.swift in Sources */,
				07EC61D828587D16007235BD /* OnlyVoteApp.swift in Sources */,
				07EC620728587DF3007235BD /* HomePage.swift in Sources */,
				07B19D86286079C700E4C291 /* Department.swift in Sources */,
				07EC621A28588029007235BD /* CandidateCardDetails.swift in Sources */,
				07EC620D28587F1F007235BD /* VoteForm.swift in Sources */,
				07EC620928587DFE007235BD /* AccountPage.swift in Sources */,
				07EC621628587F85007235BD /* Candidate.swift in Sources */,
			);
			runOnlyForDeploymentPostprocessing = 0;
		};
		07EC61E028587D18007235BD /* Sources */ = {
			isa = PBXSourcesBuildPhase;
			buildActionMask = 2147483647;
			files = (
				07EC61E928587D18007235BD /* OnlyVoteTests.swift in Sources */,
			);
			runOnlyForDeploymentPostprocessing = 0;
		};
		07EC61EA28587D18007235BD /* Sources */ = {
			isa = PBXSourcesBuildPhase;
			buildActionMask = 2147483647;
			files = (
				07EC61F528587D18007235BD /* OnlyVoteUITestsLaunchTests.swift in Sources */,
				07EC61F328587D18007235BD /* OnlyVoteUITests.swift in Sources */,
			);
			runOnlyForDeploymentPostprocessing = 0;
		};
/* End PBXSourcesBuildPhase section */

/* Begin PBXTargetDependency section */
		07EC61E628587D18007235BD /* PBXTargetDependency */ = {
			isa = PBXTargetDependency;
			target = 07EC61D328587D16007235BD /* OnlyVote */;
			targetProxy = 07EC61E528587D18007235BD /* PBXContainerItemProxy */;
		};
		07EC61F028587D18007235BD /* PBXTargetDependency */ = {
			isa = PBXTargetDependency;
			target = 07EC61D328587D16007235BD /* OnlyVote */;
			targetProxy = 07EC61EF28587D18007235BD /* PBXContainerItemProxy */;
		};
/* End PBXTargetDependency section */

/* Begin XCBuildConfiguration section */
		07EC61F628587D18007235BD /* Debug */ = {
			isa = XCBuildConfiguration;
			buildSettings = {
				ALWAYS_SEARCH_USER_PATHS = NO;
				CLANG_ANALYZER_NONNULL = YES;
				CLANG_ANALYZER_NUMBER_OBJECT_CONVERSION = YES_AGGRESSIVE;
				CLANG_CXX_LANGUAGE_STANDARD = "gnu++17";
				CLANG_ENABLE_MODULES = YES;
				CLANG_ENABLE_OBJC_ARC = YES;
				CLANG_ENABLE_OBJC_WEAK = YES;
				CLANG_WARN_BLOCK_CAPTURE_AUTORELEASING = YES;
				CLANG_WARN_BOOL_CONVERSION = YES;
				CLANG_WARN_COMMA = YES;
				CLANG_WARN_CONSTANT_CONVERSION = YES;
				CLANG_WARN_DEPRECATED_OBJC_IMPLEMENTATIONS = YES;
				CLANG_WARN_DIRECT_OBJC_ISA_USAGE = YES_ERROR;
				CLANG_WARN_DOCUMENTATION_COMMENTS = YES;
				CLANG_WARN_EMPTY_BODY = YES;
				CLANG_WARN_ENUM_CONVERSION = YES;
				CLANG_WARN_INFINITE_RECURSION = YES;
				CLANG_WARN_INT_CONVERSION = YES;
				CLANG_WARN_NON_LITERAL_NULL_CONVERSION = YES;
				CLANG_WARN_OBJC_IMPLICIT_RETAIN_SELF = YES;
				CLANG_WARN_OBJC_LITERAL_CONVERSION = YES;
				CLANG_WARN_OBJC_ROOT_CLASS = YES_ERROR;
				CLANG_WARN_QUOTED_INCLUDE_IN_FRAMEWORK_HEADER = YES;
				CLANG_WARN_RANGE_LOOP_ANALYSIS = YES;
				CLANG_WARN_STRICT_PROTOTYPES = YES;
				CLANG_WARN_SUSPICIOUS_MOVE = YES;
				CLANG_WARN_UNGUARDED_AVAILABILITY = YES_AGGRESSIVE;
				CLANG_WARN_UNREACHABLE_CODE = YES;
				CLANG_WARN__DUPLICATE_METHOD_MATCH = YES;
				COPY_PHASE_STRIP = NO;
				DEBUG_INFORMATION_FORMAT = dwarf;
				ENABLE_STRICT_OBJC_MSGSEND = YES;
				ENABLE_TESTABILITY = YES;
				GCC_C_LANGUAGE_STANDARD = gnu11;
				GCC_DYNAMIC_NO_PIC = NO;
				GCC_NO_COMMON_BLOCKS = YES;
				GCC_OPTIMIZATION_LEVEL = 0;
				GCC_PREPROCESSOR_DEFINITIONS = (
					"DEBUG=1",
					"$(inherited)",
				);
				GCC_WARN_64_TO_32_BIT_CONVERSION = YES;
				GCC_WARN_ABOUT_RETURN_TYPE = YES_ERROR;
				GCC_WARN_UNDECLARED_SELECTOR = YES;
				GCC_WARN_UNINITIALIZED_AUTOS = YES_AGGRESSIVE;
				GCC_WARN_UNUSED_FUNCTION = YES;
				GCC_WARN_UNUSED_VARIABLE = YES;
				IPHONEOS_DEPLOYMENT_TARGET = 15.5;
				MTL_ENABLE_DEBUG_INFO = INCLUDE_SOURCE;
				MTL_FAST_MATH = YES;
				ONLY_ACTIVE_ARCH = YES;
				SDKROOT = iphoneos;
				SWIFT_ACTIVE_COMPILATION_CONDITIONS = DEBUG;
				SWIFT_OPTIMIZATION_LEVEL = "-Onone";
			};
			name = Debug;
		};
		07EC61F728587D18007235BD /* Release */ = {
			isa = XCBuildConfiguration;
			buildSettings = {
				ALWAYS_SEARCH_USER_PATHS = NO;
				CLANG_ANALYZER_NONNULL = YES;
				CLANG_ANALYZER_NUMBER_OBJECT_CONVERSION = YES_AGGRESSIVE;
				CLANG_CXX_LANGUAGE_STANDARD = "gnu++17";
				CLANG_ENABLE_MODULES = YES;
				CLANG_ENABLE_OBJC_ARC = YES;
				CLANG_ENABLE_OBJC_WEAK = YES;
				CLANG_WARN_BLOCK_CAPTURE_AUTORELEASING = YES;
				CLANG_WARN_BOOL_CONVERSION = YES;
				CLANG_WARN_COMMA = YES;
				CLANG_WARN_CONSTANT_CONVERSION = YES;
				CLANG_WARN_DEPRECATED_OBJC_IMPLEMENTATIONS = YES;
				CLANG_WARN_DIRECT_OBJC_ISA_USAGE = YES_ERROR;
				CLANG_WARN_DOCUMENTATION_COMMENTS = YES;
				CLANG_WARN_EMPTY_BODY = YES;
				CLANG_WARN_ENUM_CONVERSION = YES;
				CLANG_WARN_INFINITE_RECURSION = YES;
				CLANG_WARN_INT_CONVERSION = YES;
				CLANG_WARN_NON_LITERAL_NULL_CONVERSION = YES;
				CLANG_WARN_OBJC_IMPLICIT_RETAIN_SELF = YES;
				CLANG_WARN_OBJC_LITERAL_CONVERSION = YES;
				CLANG_WARN_OBJC_ROOT_CLASS = YES_ERROR;
				CLANG_WARN_QUOTED_INCLUDE_IN_FRAMEWORK_HEADER = YES;
				CLANG_WARN_RANGE_LOOP_ANALYSIS = YES;
				CLANG_WARN_STRICT_PROTOTYPES = YES;
				CLANG_WARN_SUSPICIOUS_MOVE = YES;
				CLANG_WARN_UNGUARDED_AVAILABILITY = YES_AGGRESSIVE;
				CLANG_WARN_UNREACHABLE_CODE = YES;
				CLANG_WARN__DUPLICATE_METHOD_MATCH = YES;
				COPY_PHASE_STRIP = NO;
				DEBUG_INFORMATION_FORMAT = "dwarf-with-dsym";
				ENABLE_NS_ASSERTIONS = NO;
				ENABLE_STRICT_OBJC_MSGSEND = YES;
				GCC_C_LANGUAGE_STANDARD = gnu11;
				GCC_NO_COMMON_BLOCKS = YES;
				GCC_WARN_64_TO_32_BIT_CONVERSION = YES;
				GCC_WARN_ABOUT_RETURN_TYPE = YES_ERROR;
				GCC_WARN_UNDECLARED_SELECTOR = YES;
				GCC_WARN_UNINITIALIZED_AUTOS = YES_AGGRESSIVE;
				GCC_WARN_UNUSED_FUNCTION = YES;
				GCC_WARN_UNUSED_VARIABLE = YES;
				IPHONEOS_DEPLOYMENT_TARGET = 15.5;
				MTL_ENABLE_DEBUG_INFO = NO;
				MTL_FAST_MATH = YES;
				SDKROOT = iphoneos;
				SWIFT_COMPILATION_MODE = wholemodule;
				SWIFT_OPTIMIZATION_LEVEL = "-O";
				VALIDATE_PRODUCT = YES;
			};
			name = Release;
		};
		07EC61F928587D18007235BD /* Debug */ = {
			isa = XCBuildConfiguration;
			buildSettings = {
				ASSETCATALOG_COMPILER_APPICON_NAME = AppIcon;
				ASSETCATALOG_COMPILER_GLOBAL_ACCENT_COLOR_NAME = AccentColor;
				CODE_SIGN_STYLE = Automatic;
				CURRENT_PROJECT_VERSION = 1;
				DEVELOPMENT_ASSET_PATHS = "\"OnlyVote/Preview Content\"";
				DEVELOPMENT_TEAM = 378K38PGDU;
				ENABLE_PREVIEWS = YES;
				GENERATE_INFOPLIST_FILE = YES;
				INFOPLIST_FILE = OnlyVote/Info.plist;
				INFOPLIST_KEY_UIApplicationSceneManifest_Generation = YES;
				INFOPLIST_KEY_UIApplicationSupportsIndirectInputEvents = YES;
				INFOPLIST_KEY_UILaunchScreen_Generation = YES;
				INFOPLIST_KEY_UISupportedInterfaceOrientations_iPad = "UIInterfaceOrientationPortrait UIInterfaceOrientationPortraitUpsideDown UIInterfaceOrientationLandscapeLeft UIInterfaceOrientationLandscapeRight";
				INFOPLIST_KEY_UISupportedInterfaceOrientations_iPhone = "UIInterfaceOrientationPortrait UIInterfaceOrientationLandscapeLeft UIInterfaceOrientationLandscapeRight";
				LD_RUNPATH_SEARCH_PATHS = (
					"$(inherited)",
					"@executable_path/Frameworks",
				);
				MARKETING_VERSION = 1.0;
				PRODUCT_BUNDLE_IDENTIFIER = VictorFreelance.OnlyVote;
				PRODUCT_NAME = "$(TARGET_NAME)";
				SWIFT_EMIT_LOC_STRINGS = YES;
				SWIFT_VERSION = 5.0;
				TARGETED_DEVICE_FAMILY = "1,2";
			};
			name = Debug;
		};
		07EC61FA28587D18007235BD /* Release */ = {
			isa = XCBuildConfiguration;
			buildSettings = {
				ASSETCATALOG_COMPILER_APPICON_NAME = AppIcon;
				ASSETCATALOG_COMPILER_GLOBAL_ACCENT_COLOR_NAME = AccentColor;
				CODE_SIGN_STYLE = Automatic;
				CURRENT_PROJECT_VERSION = 1;
				DEVELOPMENT_ASSET_PATHS = "\"OnlyVote/Preview Content\"";
				DEVELOPMENT_TEAM = 378K38PGDU;
				ENABLE_PREVIEWS = YES;
				GENERATE_INFOPLIST_FILE = YES;
				INFOPLIST_FILE = OnlyVote/Info.plist;
				INFOPLIST_KEY_UIApplicationSceneManifest_Generation = YES;
				INFOPLIST_KEY_UIApplicationSupportsIndirectInputEvents = YES;
				INFOPLIST_KEY_UILaunchScreen_Generation = YES;
				INFOPLIST_KEY_UISupportedInterfaceOrientations_iPad = "UIInterfaceOrientationPortrait UIInterfaceOrientationPortraitUpsideDown UIInterfaceOrientationLandscapeLeft UIInterfaceOrientationLandscapeRight";
				INFOPLIST_KEY_UISupportedInterfaceOrientations_iPhone = "UIInterfaceOrientationPortrait UIInterfaceOrientationLandscapeLeft UIInterfaceOrientationLandscapeRight";
				LD_RUNPATH_SEARCH_PATHS = (
					"$(inherited)",
					"@executable_path/Frameworks",
				);
				MARKETING_VERSION = 1.0;
				PRODUCT_BUNDLE_IDENTIFIER = VictorFreelance.OnlyVote;
				PRODUCT_NAME = "$(TARGET_NAME)";
				SWIFT_EMIT_LOC_STRINGS = YES;
				SWIFT_VERSION = 5.0;
				TARGETED_DEVICE_FAMILY = "1,2";
			};
			name = Release;
		};
		07EC61FC28587D18007235BD /* Debug */ = {
			isa = XCBuildConfiguration;
			buildSettings = {
				ALWAYS_EMBED_SWIFT_STANDARD_LIBRARIES = YES;
				BUNDLE_LOADER = "$(TEST_HOST)";
				CODE_SIGN_STYLE = Automatic;
				CURRENT_PROJECT_VERSION = 1;
				DEVELOPMENT_TEAM = 378K38PGDU;
				GENERATE_INFOPLIST_FILE = YES;
				IPHONEOS_DEPLOYMENT_TARGET = 15.5;
				MARKETING_VERSION = 1.0;
				PRODUCT_BUNDLE_IDENTIFIER = VictorFreelance.OnlyVoteTests;
				PRODUCT_NAME = "$(TARGET_NAME)";
				SWIFT_EMIT_LOC_STRINGS = NO;
				SWIFT_VERSION = 5.0;
				TARGETED_DEVICE_FAMILY = "1,2";
				TEST_HOST = "$(BUILT_PRODUCTS_DIR)/OnlyVote.app/OnlyVote";
			};
			name = Debug;
		};
		07EC61FD28587D18007235BD /* Release */ = {
			isa = XCBuildConfiguration;
			buildSettings = {
				ALWAYS_EMBED_SWIFT_STANDARD_LIBRARIES = YES;
				BUNDLE_LOADER = "$(TEST_HOST)";
				CODE_SIGN_STYLE = Automatic;
				CURRENT_PROJECT_VERSION = 1;
				DEVELOPMENT_TEAM = 378K38PGDU;
				GENERATE_INFOPLIST_FILE = YES;
				IPHONEOS_DEPLOYMENT_TARGET = 15.5;
				MARKETING_VERSION = 1.0;
				PRODUCT_BUNDLE_IDENTIFIER = VictorFreelance.OnlyVoteTests;
				PRODUCT_NAME = "$(TARGET_NAME)";
				SWIFT_EMIT_LOC_STRINGS = NO;
				SWIFT_VERSION = 5.0;
				TARGETED_DEVICE_FAMILY = "1,2";
				TEST_HOST = "$(BUILT_PRODUCTS_DIR)/OnlyVote.app/OnlyVote";
			};
			name = Release;
		};
		07EC61FF28587D18007235BD /* Debug */ = {
			isa = XCBuildConfiguration;
			buildSettings = {
				ALWAYS_EMBED_SWIFT_STANDARD_LIBRARIES = YES;
				CODE_SIGN_STYLE = Automatic;
				CURRENT_PROJECT_VERSION = 1;
				DEVELOPMENT_TEAM = 378K38PGDU;
				GENERATE_INFOPLIST_FILE = YES;
				MARKETING_VERSION = 1.0;
				PRODUCT_BUNDLE_IDENTIFIER = VictorFreelance.OnlyVoteUITests;
				PRODUCT_NAME = "$(TARGET_NAME)";
				SWIFT_EMIT_LOC_STRINGS = NO;
				SWIFT_VERSION = 5.0;
				TARGETED_DEVICE_FAMILY = "1,2";
				TEST_TARGET_NAME = OnlyVote;
			};
			name = Debug;
		};
		07EC620028587D18007235BD /* Release */ = {
			isa = XCBuildConfiguration;
			buildSettings = {
				ALWAYS_EMBED_SWIFT_STANDARD_LIBRARIES = YES;
				CODE_SIGN_STYLE = Automatic;
				CURRENT_PROJECT_VERSION = 1;
				DEVELOPMENT_TEAM = 378K38PGDU;
				GENERATE_INFOPLIST_FILE = YES;
				MARKETING_VERSION = 1.0;
				PRODUCT_BUNDLE_IDENTIFIER = VictorFreelance.OnlyVoteUITests;
				PRODUCT_NAME = "$(TARGET_NAME)";
				SWIFT_EMIT_LOC_STRINGS = NO;
				SWIFT_VERSION = 5.0;
				TARGETED_DEVICE_FAMILY = "1,2";
				TEST_TARGET_NAME = OnlyVote;
			};
			name = Release;
		};
/* End XCBuildConfiguration section */

/* Begin XCConfigurationList section */
		07EC61CF28587D16007235BD /* Build configuration list for PBXProject "OnlyVote" */ = {
			isa = XCConfigurationList;
			buildConfigurations = (
				07EC61F628587D18007235BD /* Debug */,
				07EC61F728587D18007235BD /* Release */,
			);
			defaultConfigurationIsVisible = 0;
			defaultConfigurationName = Release;
		};
		07EC61F828587D18007235BD /* Build configuration list for PBXNativeTarget "OnlyVote" */ = {
			isa = XCConfigurationList;
			buildConfigurations = (
				07EC61F928587D18007235BD /* Debug */,
				07EC61FA28587D18007235BD /* Release */,
			);
			defaultConfigurationIsVisible = 0;
			defaultConfigurationName = Release;
		};
		07EC61FB28587D18007235BD /* Build configuration list for PBXNativeTarget "OnlyVoteTests" */ = {
			isa = XCConfigurationList;
			buildConfigurations = (
				07EC61FC28587D18007235BD /* Debug */,
				07EC61FD28587D18007235BD /* Release */,
			);
			defaultConfigurationIsVisible = 0;
			defaultConfigurationName = Release;
		};
		07EC61FE28587D18007235BD /* Build configuration list for PBXNativeTarget "OnlyVoteUITests" */ = {
			isa = XCConfigurationList;
			buildConfigurations = (
				07EC61FF28587D18007235BD /* Debug */,
				07EC620028587D18007235BD /* Release */,
			);
			defaultConfigurationIsVisible = 0;
			defaultConfigurationName = Release;
		};
/* End XCConfigurationList section */
	};
	rootObject = 07EC61CC28587D16007235BD /* Project object */;
}
